<?xml version="1.0" encoding="utf-8"?>
<Project ToolsVersion="4.0" xmlns="http://schemas.microsoft.com/developer/msbuild/2003">
  <ItemGroup>
    <ClCompile Include="Dictionary.cpp" />
    <ClCompile Include="main.cpp" />
    <ClCompile Include="PlayerDrivers.cpp" />
    <ClCompile Include="Pos.cpp" />
    <ClCompile Include="Serwer.cpp" />
    <ClCompile Include="stdafx.cpp" />
    <ClCompile Include="StopWatch.cpp" />
    <ClCompile Include="Actions.cpp" />
  </ItemGroup>
  <ItemGroup>
    <ClInclude Include="Actions.h" />
    <ClInclude Include="Combination.h" />
    <ClInclude Include="Dictionary.h" />
    <ClInclude Include="PlayerDrivers.h" />
    <ClInclude Include="Pos.h" />
    <ClInclude Include="Serwer.h" />
    <ClInclude Include="stdafx.h" />
    <ClInclude Include="StopWatch.h" />
  </ItemGroup>
  <ItemGroup>
    <None Include="ReadMe.txt" />
  </ItemGroup>
</Project>